// !$*UTF8*$!
{
	archiveVersion = 1;
	classes = {
	};
	objectVersion = 46;
	objects = {

/* Begin PBXBuildFile section */
		5C78862113A9250C00937E54 /* icon114.png in Resources */ = {isa = PBXBuildFile; fileRef = 5C78862013A9250C00937E54 /* icon114.png */; };
		5C78862413A925C600937E54 /* icon57.png in Resources */ = {isa = PBXBuildFile; fileRef = 5C78862313A925C600937E54 /* icon57.png */; };
		5CA19B9E13A8375A001EFE89 /* Foundation.framework in Frameworks */ = {isa = PBXBuildFile; fileRef = 5CA19B9D13A8375A001EFE89 /* Foundation.framework */; };
		5CA19BA613A8375A001EFE89 /* InfoPlist.strings in Resources */ = {isa = PBXBuildFile; fileRef = 5CA19BA413A8375A001EFE89 /* InfoPlist.strings */; };
		5CA19BAC13A8375A001EFE89 /* SG_API_UnitTestsAppDelegate.m in Sources */ = {isa = PBXBuildFile; fileRef = 5CA19BAB13A8375A001EFE89 /* SG_API_UnitTestsAppDelegate.m */; };
		5CA19BB013A8375A001EFE89 /* SG_API_UnitTestsAppDelegate_iPhone.m in Sources */ = {isa = PBXBuildFile; fileRef = 5CA19BAF13A8375A001EFE89 /* SG_API_UnitTestsAppDelegate_iPhone.m */; };
		5CA19BB313A8375A001EFE89 /* MainWindow_iPhone.xib in Resources */ = {isa = PBXBuildFile; fileRef = 5CA19BB113A8375A001EFE89 /* MainWindow_iPhone.xib */; };
		5CA19BB713A8375A001EFE89 /* SG_API_UnitTestsAppDelegate_iPad.m in Sources */ = {isa = PBXBuildFile; fileRef = 5CA19BB613A8375A001EFE89 /* SG_API_UnitTestsAppDelegate_iPad.m */; };
		5CA19BBA13A8375A001EFE89 /* MainWindow_iPad.xib in Resources */ = {isa = PBXBuildFile; fileRef = 5CA19BB813A8375A001EFE89 /* MainWindow_iPad.xib */; };
		5CA19BBE13A83781001EFE89 /* GHUnitIOS.framework in Frameworks */ = {isa = PBXBuildFile; fileRef = 5CA19B9213A83705001EFE89 /* GHUnitIOS.framework */; };
		5CA19BC413A8384C001EFE89 /* GHUnitIOSTestMain.m in Sources */ = {isa = PBXBuildFile; fileRef = 5CA19BC313A8384C001EFE89 /* GHUnitIOSTestMain.m */; };
		5CA19BC713A8399C001EFE89 /* ShotgunApiTest.m in Sources */ = {isa = PBXBuildFile; fileRef = 5CA19BC613A8399C001EFE89 /* ShotgunApiTest.m */; };
		5CA19C8413A83E13001EFE89 /* Config.plist in Resources */ = {isa = PBXBuildFile; fileRef = 5CA19C8113A83E13001EFE89 /* Config.plist */; };
		5CA19C8513A83E13001EFE89 /* test.jpg in Resources */ = {isa = PBXBuildFile; fileRef = 5CA19C8313A83E13001EFE89 /* test.jpg */; };
		5CACA30513DF6695005FDA7A /* UIKit.framework in Frameworks */ = {isa = PBXBuildFile; fileRef = 5CACA30413DF6695005FDA7A /* UIKit.framework */; };
		5CACA30713DF669F005FDA7A /* CoreGraphics.framework in Frameworks */ = {isa = PBXBuildFile; fileRef = 5CACA30613DF669F005FDA7A /* CoreGraphics.framework */; };
		5CB00EE613FB2870003C51AA /* libz.1.2.5.dylib in Frameworks */ = {isa = PBXBuildFile; fileRef = 5CB00EE013FB2870003C51AA /* libz.1.2.5.dylib */; };
		5CB00EE813FB2870003C51AA /* MobileCoreServices.framework in Frameworks */ = {isa = PBXBuildFile; fileRef = 5CB00EE213FB2870003C51AA /* MobileCoreServices.framework */; };
		5CB00EE913FB2870003C51AA /* SystemConfiguration.framework in Frameworks */ = {isa = PBXBuildFile; fileRef = 5CB00EE313FB2870003C51AA /* SystemConfiguration.framework */; };
		5CB00EEA13FB2870003C51AA /* CFNetwork.framework in Frameworks */ = {isa = PBXBuildFile; fileRef = 5CB00EE413FB2870003C51AA /* CFNetwork.framework */; };
		5CB00F3A13FB2928003C51AA /* libasi-http-request.a in Frameworks */ = {isa = PBXBuildFile; fileRef = 5CB00F1E13FB28F8003C51AA /* libasi-http-request.a */; };
		5CB00F3B13FB2928003C51AA /* libsbjson-ios.a in Frameworks */ = {isa = PBXBuildFile; fileRef = 5CB00F2813FB28F8003C51AA /* libsbjson-ios.a */; };
		5CB00F3C13FB2928003C51AA /* libshotgun-api.a in Frameworks */ = {isa = PBXBuildFile; fileRef = 5CB00F2D13FB28F8003C51AA /* libshotgun-api.a */; };
		5CD2E3AF13AFCC2A0026C52E /* ShotgunApiLongTest.m in Sources */ = {isa = PBXBuildFile; fileRef = 5CD2E3AE13AFCC2A0026C52E /* ShotgunApiLongTest.m */; };
		5CD2E3B313AFCD1B0026C52E /* ShotgunApiTestBase.m in Sources */ = {isa = PBXBuildFile; fileRef = 5CD2E3B213AFCD1B0026C52E /* ShotgunApiTestBase.m */; };
/* End PBXBuildFile section */

/* Begin PBXContainerItemProxy section */
		5CB00F1D13FB28F8003C51AA /* PBXContainerItemProxy */ = {
			isa = PBXContainerItemProxy;
			containerPortal = 5CB00F0813FB28F7003C51AA /* asi-http-request.xcodeproj */;
			proxyType = 2;
			remoteGlobalIDString = 5C94B67813E1E15C007B6C7F;
			remoteInfo = "asi-http-request";
		};
		5CB00F2313FB28F8003C51AA /* PBXContainerItemProxy */ = {
			isa = PBXContainerItemProxy;
			containerPortal = 5CB00F0B13FB28F7003C51AA /* SBJson.xcodeproj */;
			proxyType = 2;
			remoteGlobalIDString = BC12323D1391D5CC00131607;
			remoteInfo = SBJson;
		};
		5CB00F2513FB28F8003C51AA /* PBXContainerItemProxy */ = {
			isa = PBXContainerItemProxy;
			containerPortal = 5CB00F0B13FB28F7003C51AA /* SBJson.xcodeproj */;
			proxyType = 2;
			remoteGlobalIDString = BC1232521391D5CC00131607;
			remoteInfo = SBJsonTests;
		};
		5CB00F2713FB28F8003C51AA /* PBXContainerItemProxy */ = {
			isa = PBXContainerItemProxy;
			containerPortal = 5CB00F0B13FB28F7003C51AA /* SBJson.xcodeproj */;
			proxyType = 2;
			remoteGlobalIDString = BCC2626913920FC7003D9994;
			remoteInfo = "sbjson-ios";
		};
		5CB00F2913FB28F8003C51AA /* PBXContainerItemProxy */ = {
			isa = PBXContainerItemProxy;
			containerPortal = 5CB00F0B13FB28F7003C51AA /* SBJson.xcodeproj */;
			proxyType = 2;
			remoteGlobalIDString = BCC2627313920FC7003D9994;
			remoteInfo = "sbjson-iosTests";
		};
		5CB00F2C13FB28F8003C51AA /* PBXContainerItemProxy */ = {
			isa = PBXContainerItemProxy;
			containerPortal = 5CB00F0E13FB28F7003C51AA /* shotgun-api.xcodeproj */;
			proxyType = 2;
			remoteGlobalIDString = 5CCE3D8813DF97100071F02F;
			remoteInfo = "shotgun-api";
		};
		5CB00F3413FB291E003C51AA /* PBXContainerItemProxy */ = {
			isa = PBXContainerItemProxy;
			containerPortal = 5CB00F0E13FB28F7003C51AA /* shotgun-api.xcodeproj */;
			proxyType = 1;
			remoteGlobalIDString = 5CCE3D8713DF97100071F02F;
			remoteInfo = "shotgun-api";
		};
		5CB00F3613FB291E003C51AA /* PBXContainerItemProxy */ = {
			isa = PBXContainerItemProxy;
			containerPortal = 5CB00F0B13FB28F7003C51AA /* SBJson.xcodeproj */;
			proxyType = 1;
			remoteGlobalIDString = BCC2626813920FC7003D9994;
			remoteInfo = "sbjson-ios";
		};
		5CB00F3813FB291E003C51AA /* PBXContainerItemProxy */ = {
			isa = PBXContainerItemProxy;
			containerPortal = 5CB00F0813FB28F7003C51AA /* asi-http-request.xcodeproj */;
			proxyType = 1;
			remoteGlobalIDString = 5C94B67713E1E15C007B6C7F;
			remoteInfo = "asi-http-request";
		};
/* End PBXContainerItemProxy section */

/* Begin PBXFileReference section */
		5C78862013A9250C00937E54 /* icon114.png */ = {isa = PBXFileReference; lastKnownFileType = image.png; path = icon114.png; sourceTree = "<group>"; };
		5C78862313A925C600937E54 /* icon57.png */ = {isa = PBXFileReference; lastKnownFileType = image.png; path = icon57.png; sourceTree = "<group>"; };
		5CA19B9213A83705001EFE89 /* GHUnitIOS.framework */ = {isa = PBXFileReference; lastKnownFileType = wrapper.framework; name = GHUnitIOS.framework; path = "../Dependencies/gh-unit/Project-IPhone/build/Framework/GHUnitIOS.framework"; sourceTree = "<group>"; };
		5CA19B9713A8375A001EFE89 /* SG API UnitTests.app */ = {isa = PBXFileReference; explicitFileType = wrapper.application; includeInIndex = 0; path = "SG API UnitTests.app"; sourceTree = BUILT_PRODUCTS_DIR; };
		5CA19B9D13A8375A001EFE89 /* Foundation.framework */ = {isa = PBXFileReference; lastKnownFileType = wrapper.framework; name = Foundation.framework; path = System/Library/Frameworks/Foundation.framework; sourceTree = SDKROOT; };
		5CA19BA313A8375A001EFE89 /* SG API UnitTests-Info.plist */ = {isa = PBXFileReference; lastKnownFileType = text.plist.xml; path = "SG API UnitTests-Info.plist"; sourceTree = "<group>"; };
		5CA19BA513A8375A001EFE89 /* en */ = {isa = PBXFileReference; lastKnownFileType = text.plist.strings; name = en; path = en.lproj/InfoPlist.strings; sourceTree = "<group>"; };
		5CA19BA713A8375A001EFE89 /* SG API UnitTests-Prefix.pch */ = {isa = PBXFileReference; lastKnownFileType = sourcecode.c.h; path = "SG API UnitTests-Prefix.pch"; sourceTree = "<group>"; };
		5CA19BAA13A8375A001EFE89 /* SG_API_UnitTestsAppDelegate.h */ = {isa = PBXFileReference; lastKnownFileType = sourcecode.c.h; path = SG_API_UnitTestsAppDelegate.h; sourceTree = "<group>"; };
		5CA19BAB13A8375A001EFE89 /* SG_API_UnitTestsAppDelegate.m */ = {isa = PBXFileReference; lastKnownFileType = sourcecode.c.objc; path = SG_API_UnitTestsAppDelegate.m; sourceTree = "<group>"; };
		5CA19BAE13A8375A001EFE89 /* SG_API_UnitTestsAppDelegate_iPhone.h */ = {isa = PBXFileReference; lastKnownFileType = sourcecode.c.h; name = SG_API_UnitTestsAppDelegate_iPhone.h; path = iPhone/SG_API_UnitTestsAppDelegate_iPhone.h; sourceTree = "<group>"; };
		5CA19BAF13A8375A001EFE89 /* SG_API_UnitTestsAppDelegate_iPhone.m */ = {isa = PBXFileReference; lastKnownFileType = sourcecode.c.objc; name = SG_API_UnitTestsAppDelegate_iPhone.m; path = iPhone/SG_API_UnitTestsAppDelegate_iPhone.m; sourceTree = "<group>"; };
		5CA19BB213A8375A001EFE89 /* en */ = {isa = PBXFileReference; lastKnownFileType = file.xib; name = en; path = iPhone/en.lproj/MainWindow_iPhone.xib; sourceTree = "<group>"; };
		5CA19BB513A8375A001EFE89 /* SG_API_UnitTestsAppDelegate_iPad.h */ = {isa = PBXFileReference; lastKnownFileType = sourcecode.c.h; name = SG_API_UnitTestsAppDelegate_iPad.h; path = iPad/SG_API_UnitTestsAppDelegate_iPad.h; sourceTree = "<group>"; };
		5CA19BB613A8375A001EFE89 /* SG_API_UnitTestsAppDelegate_iPad.m */ = {isa = PBXFileReference; lastKnownFileType = sourcecode.c.objc; name = SG_API_UnitTestsAppDelegate_iPad.m; path = iPad/SG_API_UnitTestsAppDelegate_iPad.m; sourceTree = "<group>"; };
		5CA19BB913A8375A001EFE89 /* en */ = {isa = PBXFileReference; lastKnownFileType = file.xib; name = en; path = iPad/en.lproj/MainWindow_iPad.xib; sourceTree = "<group>"; };
		5CA19BC313A8384C001EFE89 /* GHUnitIOSTestMain.m */ = {isa = PBXFileReference; fileEncoding = 4; lastKnownFileType = sourcecode.c.objc; name = GHUnitIOSTestMain.m; path = "../../Dependencies/gh-unit/Project-IPhone/GHUnitIOSTestMain.m"; sourceTree = "<group>"; };
		5CA19BC613A8399C001EFE89 /* ShotgunApiTest.m */ = {isa = PBXFileReference; fileEncoding = 4; lastKnownFileType = sourcecode.c.objc; path = ShotgunApiTest.m; sourceTree = "<group>"; };
		5CA19C8113A83E13001EFE89 /* Config.plist */ = {isa = PBXFileReference; fileEncoding = 4; lastKnownFileType = text.plist.xml; path = Config.plist; sourceTree = "<group>"; };
		5CA19C8313A83E13001EFE89 /* test.jpg */ = {isa = PBXFileReference; lastKnownFileType = image.jpeg; path = test.jpg; sourceTree = "<group>"; };
		5CACA30413DF6695005FDA7A /* UIKit.framework */ = {isa = PBXFileReference; lastKnownFileType = wrapper.framework; name = UIKit.framework; path = Platforms/iPhoneOS.platform/Developer/SDKs/iPhoneOS5.0.sdk/System/Library/Frameworks/UIKit.framework; sourceTree = DEVELOPER_DIR; };
		5CACA30613DF669F005FDA7A /* CoreGraphics.framework */ = {isa = PBXFileReference; lastKnownFileType = wrapper.framework; name = CoreGraphics.framework; path = Platforms/iPhoneOS.platform/Developer/SDKs/iPhoneOS5.0.sdk/System/Library/Frameworks/CoreGraphics.framework; sourceTree = DEVELOPER_DIR; };
		5CB00EE013FB2870003C51AA /* libz.1.2.5.dylib */ = {isa = PBXFileReference; lastKnownFileType = "compiled.mach-o.dylib"; name = libz.1.2.5.dylib; path = Platforms/iPhoneOS.platform/Developer/SDKs/iPhoneOS5.0.sdk/usr/lib/libz.1.2.5.dylib; sourceTree = DEVELOPER_DIR; };
		5CB00EE113FB2870003C51AA /* CoreGraphics.framework */ = {isa = PBXFileReference; lastKnownFileType = wrapper.framework; name = CoreGraphics.framework; path = Platforms/iPhoneOS.platform/Developer/SDKs/iPhoneOS5.0.sdk/System/Library/Frameworks/CoreGraphics.framework; sourceTree = DEVELOPER_DIR; };
		5CB00EE213FB2870003C51AA /* MobileCoreServices.framework */ = {isa = PBXFileReference; lastKnownFileType = wrapper.framework; name = MobileCoreServices.framework; path = Platforms/iPhoneOS.platform/Developer/SDKs/iPhoneOS5.0.sdk/System/Library/Frameworks/MobileCoreServices.framework; sourceTree = DEVELOPER_DIR; };
		5CB00EE313FB2870003C51AA /* SystemConfiguration.framework */ = {isa = PBXFileReference; lastKnownFileType = wrapper.framework; name = SystemConfiguration.framework; path = Platforms/iPhoneOS.platform/Developer/SDKs/iPhoneOS5.0.sdk/System/Library/Frameworks/SystemConfiguration.framework; sourceTree = DEVELOPER_DIR; };
		5CB00EE413FB2870003C51AA /* CFNetwork.framework */ = {isa = PBXFileReference; lastKnownFileType = wrapper.framework; name = CFNetwork.framework; path = Platforms/iPhoneOS.platform/Developer/SDKs/iPhoneOS5.0.sdk/System/Library/Frameworks/CFNetwork.framework; sourceTree = DEVELOPER_DIR; };
		5CB00EE513FB2870003C51AA /* UIKit.framework */ = {isa = PBXFileReference; lastKnownFileType = wrapper.framework; name = UIKit.framework; path = Platforms/iPhoneOS.platform/Developer/SDKs/iPhoneOS5.0.sdk/System/Library/Frameworks/UIKit.framework; sourceTree = DEVELOPER_DIR; };
		5CB00F0813FB28F7003C51AA /* asi-http-request.xcodeproj */ = {isa = PBXFileReference; lastKnownFileType = "wrapper.pb-project"; name = "asi-http-request.xcodeproj"; path = "../Dependencies/asi-http-request.xcodeproj"; sourceTree = "<group>"; };
		5CB00F0B13FB28F7003C51AA /* SBJson.xcodeproj */ = {isa = PBXFileReference; lastKnownFileType = "wrapper.pb-project"; name = SBJson.xcodeproj; path = "../Dependencies/json-framework/SBJson.xcodeproj"; sourceTree = "<group>"; };
		5CB00F0E13FB28F7003C51AA /* shotgun-api.xcodeproj */ = {isa = PBXFileReference; lastKnownFileType = "wrapper.pb-project"; name = "shotgun-api.xcodeproj"; path = "../shotgun-api.xcodeproj"; sourceTree = "<group>"; };
		5CD2E3AE13AFCC2A0026C52E /* ShotgunApiLongTest.m */ = {isa = PBXFileReference; fileEncoding = 4; lastKnownFileType = sourcecode.c.objc; path = ShotgunApiLongTest.m; sourceTree = "<group>"; };
		5CD2E3B113AFCD1B0026C52E /* ShotgunApiTestBase.h */ = {isa = PBXFileReference; fileEncoding = 4; lastKnownFileType = sourcecode.c.h; path = ShotgunApiTestBase.h; sourceTree = "<group>"; };
		5CD2E3B213AFCD1B0026C52E /* ShotgunApiTestBase.m */ = {isa = PBXFileReference; fileEncoding = 4; lastKnownFileType = sourcecode.c.objc; path = ShotgunApiTestBase.m; sourceTree = "<group>"; };
/* End PBXFileReference section */

/* Begin PBXFrameworksBuildPhase section */
		5CA19B9413A8375A001EFE89 /* Frameworks */ = {
			isa = PBXFrameworksBuildPhase;
			buildActionMask = 2147483647;
			files = (
				5CB00F3A13FB2928003C51AA /* libasi-http-request.a in Frameworks */,
				5CB00F3B13FB2928003C51AA /* libsbjson-ios.a in Frameworks */,
				5CB00F3C13FB2928003C51AA /* libshotgun-api.a in Frameworks */,
				5CACA30713DF669F005FDA7A /* CoreGraphics.framework in Frameworks */,
				5CACA30513DF6695005FDA7A /* UIKit.framework in Frameworks */,
				5CA19B9E13A8375A001EFE89 /* Foundation.framework in Frameworks */,
				5CA19BBE13A83781001EFE89 /* GHUnitIOS.framework in Frameworks */,
				5CB00EE613FB2870003C51AA /* libz.1.2.5.dylib in Frameworks */,
				5CB00EE813FB2870003C51AA /* MobileCoreServices.framework in Frameworks */,
				5CB00EE913FB2870003C51AA /* SystemConfiguration.framework in Frameworks */,
				5CB00EEA13FB2870003C51AA /* CFNetwork.framework in Frameworks */,
			);
			runOnlyForDeploymentPostprocessing = 0;
		};
/* End PBXFrameworksBuildPhase section */

/* Begin PBXGroup section */
		5CA19B7913A83654001EFE89 = {
			isa = PBXGroup;
			children = (
				5CA19BA113A8375A001EFE89 /* SG API UnitTests */,
				5CB00EDF13FB2850003C51AA /* Dependencies */,
				5CA19B9A13A8375A001EFE89 /* Frameworks */,
				5CA19B9813A8375A001EFE89 /* Products */,
			);
			sourceTree = "<group>";
		};
		5CA19B9813A8375A001EFE89 /* Products */ = {
			isa = PBXGroup;
			children = (
				5CA19B9713A8375A001EFE89 /* SG API UnitTests.app */,
			);
			name = Products;
			sourceTree = "<group>";
		};
		5CA19B9A13A8375A001EFE89 /* Frameworks */ = {
			isa = PBXGroup;
			children = (
				5CACA30613DF669F005FDA7A /* CoreGraphics.framework */,
				5CACA30413DF6695005FDA7A /* UIKit.framework */,
				5CA19B9213A83705001EFE89 /* GHUnitIOS.framework */,
				5CA19B9D13A8375A001EFE89 /* Foundation.framework */,
			);
			name = Frameworks;
			sourceTree = "<group>";
		};
		5CA19BA113A8375A001EFE89 /* SG API UnitTests */ = {
			isa = PBXGroup;
			children = (
				5CA19C8113A83E13001EFE89 /* Config.plist */,
				5CA19BC313A8384C001EFE89 /* GHUnitIOSTestMain.m */,
				5CD2E3B113AFCD1B0026C52E /* ShotgunApiTestBase.h */,
				5CD2E3B213AFCD1B0026C52E /* ShotgunApiTestBase.m */,
				5CA19BC613A8399C001EFE89 /* ShotgunApiTest.m */,
				5CD2E3AE13AFCC2A0026C52E /* ShotgunApiLongTest.m */,
				5CA19BAA13A8375A001EFE89 /* SG_API_UnitTestsAppDelegate.h */,
				5CA19BAB13A8375A001EFE89 /* SG_API_UnitTestsAppDelegate.m */,
				5CA19C8213A83E13001EFE89 /* Resources */,
				5CA19BAD13A8375A001EFE89 /* iPhone */,
				5CA19BB413A8375A001EFE89 /* iPad */,
				5CA19BA213A8375A001EFE89 /* Supporting Files */,
			);
			path = "SG API UnitTests";
			sourceTree = "<group>";
		};
		5CA19BA213A8375A001EFE89 /* Supporting Files */ = {
			isa = PBXGroup;
			children = (
				5CA19BA313A8375A001EFE89 /* SG API UnitTests-Info.plist */,
				5CA19BA413A8375A001EFE89 /* InfoPlist.strings */,
				5CA19BA713A8375A001EFE89 /* SG API UnitTests-Prefix.pch */,
			);
			name = "Supporting Files";
			sourceTree = "<group>";
		};
		5CA19BAD13A8375A001EFE89 /* iPhone */ = {
			isa = PBXGroup;
			children = (
				5CA19BAE13A8375A001EFE89 /* SG_API_UnitTestsAppDelegate_iPhone.h */,
				5CA19BAF13A8375A001EFE89 /* SG_API_UnitTestsAppDelegate_iPhone.m */,
				5CA19BB113A8375A001EFE89 /* MainWindow_iPhone.xib */,
			);
			name = iPhone;
			sourceTree = "<group>";
		};
		5CA19BB413A8375A001EFE89 /* iPad */ = {
			isa = PBXGroup;
			children = (
				5CA19BB513A8375A001EFE89 /* SG_API_UnitTestsAppDelegate_iPad.h */,
				5CA19BB613A8375A001EFE89 /* SG_API_UnitTestsAppDelegate_iPad.m */,
				5CA19BB813A8375A001EFE89 /* MainWindow_iPad.xib */,
			);
			name = iPad;
			sourceTree = "<group>";
		};
		5CA19C8213A83E13001EFE89 /* Resources */ = {
			isa = PBXGroup;
			children = (
				5C78862313A925C600937E54 /* icon57.png */,
				5C78862013A9250C00937E54 /* icon114.png */,
				5CA19C8313A83E13001EFE89 /* test.jpg */,
			);
			path = Resources;
			sourceTree = "<group>";
		};
		5CB00EDF13FB2850003C51AA /* Dependencies */ = {
			isa = PBXGroup;
			children = (
				5CB00EEC13FB2877003C51AA /* Frameworks */,
				5CB00F0813FB28F7003C51AA /* asi-http-request.xcodeproj */,
				5CB00F0B13FB28F7003C51AA /* SBJson.xcodeproj */,
				5CB00F0E13FB28F7003C51AA /* shotgun-api.xcodeproj */,
			);
			name = Dependencies;
			sourceTree = "<group>";
		};
		5CB00EEC13FB2877003C51AA /* Frameworks */ = {
			isa = PBXGroup;
			children = (
				5CB00EE013FB2870003C51AA /* libz.1.2.5.dylib */,
				5CB00EE113FB2870003C51AA /* CoreGraphics.framework */,
				5CB00EE213FB2870003C51AA /* MobileCoreServices.framework */,
				5CB00EE313FB2870003C51AA /* SystemConfiguration.framework */,
				5CB00EE413FB2870003C51AA /* CFNetwork.framework */,
				5CB00EE513FB2870003C51AA /* UIKit.framework */,
			);
			name = Frameworks;
			sourceTree = "<group>";
		};
		5CB00F0913FB28F7003C51AA /* Products */ = {
			isa = PBXGroup;
			children = (
				5CB00F1E13FB28F8003C51AA /* libasi-http-request.a */,
			);
			name = Products;
			sourceTree = "<group>";
		};
		5CB00F0C13FB28F7003C51AA /* Products */ = {
			isa = PBXGroup;
			children = (
				5CB00F2413FB28F8003C51AA /* SBJson.framework */,
				5CB00F2613FB28F8003C51AA /* SBJsonTests.octest */,
				5CB00F2813FB28F8003C51AA /* libsbjson-ios.a */,
				5CB00F2A13FB28F8003C51AA /* sbjson-iosTests.octest */,
			);
			name = Products;
			sourceTree = "<group>";
		};
		5CB00F0F13FB28F7003C51AA /* Products */ = {
			isa = PBXGroup;
			children = (
				5CB00F2D13FB28F8003C51AA /* libshotgun-api.a */,
			);
			name = Products;
			sourceTree = "<group>";
		};
/* End PBXGroup section */

/* Begin PBXNativeTarget section */
		5CA19B9613A8375A001EFE89 /* SG API UnitTests */ = {
			isa = PBXNativeTarget;
			buildConfigurationList = 5CA19BBB13A8375A001EFE89 /* Build configuration list for PBXNativeTarget "SG API UnitTests" */;
			buildPhases = (
				5CA19B9313A8375A001EFE89 /* Sources */,
				5CA19B9413A8375A001EFE89 /* Frameworks */,
				5CA19B9513A8375A001EFE89 /* Resources */,
			);
			buildRules = (
			);
			dependencies = (
				5CB00F3513FB291E003C51AA /* PBXTargetDependency */,
				5CB00F3713FB291E003C51AA /* PBXTargetDependency */,
				5CB00F3913FB291E003C51AA /* PBXTargetDependency */,
			);
			name = "SG API UnitTests";
			productName = "SG API UnitTests";
			productReference = 5CA19B9713A8375A001EFE89 /* SG API UnitTests.app */;
			productType = "com.apple.product-type.application";
		};
/* End PBXNativeTarget section */

/* Begin PBXProject section */
		5CA19B7B13A83654001EFE89 /* Project object */ = {
			isa = PBXProject;
			attributes = {
				LastUpgradeCheck = 0420;
				ORGANIZATIONNAME = Laika;
			};
			buildConfigurationList = 5CA19B7E13A83654001EFE89 /* Build configuration list for PBXProject "UnitTests" */;
			compatibilityVersion = "Xcode 3.2";
			developmentRegion = English;
			hasScannedForEncodings = 0;
			knownRegions = (
				en,
			);
			mainGroup = 5CA19B7913A83654001EFE89;
			productRefGroup = 5CA19B9813A8375A001EFE89 /* Products */;
			projectDirPath = "";
			projectReferences = (
				{
					ProductGroup = 5CB00F0913FB28F7003C51AA /* Products */;
					ProjectRef = 5CB00F0813FB28F7003C51AA /* asi-http-request.xcodeproj */;
				},
				{
					ProductGroup = 5CB00F0C13FB28F7003C51AA /* Products */;
					ProjectRef = 5CB00F0B13FB28F7003C51AA /* SBJson.xcodeproj */;
				},
				{
					ProductGroup = 5CB00F0F13FB28F7003C51AA /* Products */;
					ProjectRef = 5CB00F0E13FB28F7003C51AA /* shotgun-api.xcodeproj */;
				},
			);
			projectRoot = "";
			targets = (
				5CA19B9613A8375A001EFE89 /* SG API UnitTests */,
			);
		};
/* End PBXProject section */

/* Begin PBXReferenceProxy section */
		5CB00F1E13FB28F8003C51AA /* libasi-http-request.a */ = {
			isa = PBXReferenceProxy;
			fileType = archive.ar;
			path = "libasi-http-request.a";
			remoteRef = 5CB00F1D13FB28F8003C51AA /* PBXContainerItemProxy */;
			sourceTree = BUILT_PRODUCTS_DIR;
		};
		5CB00F2413FB28F8003C51AA /* SBJson.framework */ = {
			isa = PBXReferenceProxy;
			fileType = wrapper.framework;
			path = SBJson.framework;
			remoteRef = 5CB00F2313FB28F8003C51AA /* PBXContainerItemProxy */;
			sourceTree = BUILT_PRODUCTS_DIR;
		};
		5CB00F2613FB28F8003C51AA /* SBJsonTests.octest */ = {
			isa = PBXReferenceProxy;
			fileType = wrapper.cfbundle;
			path = SBJsonTests.octest;
			remoteRef = 5CB00F2513FB28F8003C51AA /* PBXContainerItemProxy */;
			sourceTree = BUILT_PRODUCTS_DIR;
		};
		5CB00F2813FB28F8003C51AA /* libsbjson-ios.a */ = {
			isa = PBXReferenceProxy;
			fileType = archive.ar;
			path = "libsbjson-ios.a";
			remoteRef = 5CB00F2713FB28F8003C51AA /* PBXContainerItemProxy */;
			sourceTree = BUILT_PRODUCTS_DIR;
		};
		5CB00F2A13FB28F8003C51AA /* sbjson-iosTests.octest */ = {
			isa = PBXReferenceProxy;
			fileType = wrapper.cfbundle;
			path = "sbjson-iosTests.octest";
			remoteRef = 5CB00F2913FB28F8003C51AA /* PBXContainerItemProxy */;
			sourceTree = BUILT_PRODUCTS_DIR;
		};
		5CB00F2D13FB28F8003C51AA /* libshotgun-api.a */ = {
			isa = PBXReferenceProxy;
			fileType = archive.ar;
			path = "libshotgun-api.a";
			remoteRef = 5CB00F2C13FB28F8003C51AA /* PBXContainerItemProxy */;
			sourceTree = BUILT_PRODUCTS_DIR;
		};
/* End PBXReferenceProxy section */

/* Begin PBXResourcesBuildPhase section */
		5CA19B9513A8375A001EFE89 /* Resources */ = {
			isa = PBXResourcesBuildPhase;
			buildActionMask = 2147483647;
			files = (
				5CA19BA613A8375A001EFE89 /* InfoPlist.strings in Resources */,
				5CA19BB313A8375A001EFE89 /* MainWindow_iPhone.xib in Resources */,
				5CA19BBA13A8375A001EFE89 /* MainWindow_iPad.xib in Resources */,
				5CA19C8413A83E13001EFE89 /* Config.plist in Resources */,
				5CA19C8513A83E13001EFE89 /* test.jpg in Resources */,
				5C78862113A9250C00937E54 /* icon114.png in Resources */,
				5C78862413A925C600937E54 /* icon57.png in Resources */,
			);
			runOnlyForDeploymentPostprocessing = 0;
		};
/* End PBXResourcesBuildPhase section */

/* Begin PBXSourcesBuildPhase section */
		5CA19B9313A8375A001EFE89 /* Sources */ = {
			isa = PBXSourcesBuildPhase;
			buildActionMask = 2147483647;
			files = (
				5CA19BAC13A8375A001EFE89 /* SG_API_UnitTestsAppDelegate.m in Sources */,
				5CA19BB013A8375A001EFE89 /* SG_API_UnitTestsAppDelegate_iPhone.m in Sources */,
				5CA19BB713A8375A001EFE89 /* SG_API_UnitTestsAppDelegate_iPad.m in Sources */,
				5CA19BC413A8384C001EFE89 /* GHUnitIOSTestMain.m in Sources */,
				5CA19BC713A8399C001EFE89 /* ShotgunApiTest.m in Sources */,
				5CD2E3AF13AFCC2A0026C52E /* ShotgunApiLongTest.m in Sources */,
				5CD2E3B313AFCD1B0026C52E /* ShotgunApiTestBase.m in Sources */,
			);
			runOnlyForDeploymentPostprocessing = 0;
		};
/* End PBXSourcesBuildPhase section */

/* Begin PBXTargetDependency section */
		5CB00F3513FB291E003C51AA /* PBXTargetDependency */ = {
			isa = PBXTargetDependency;
			name = "shotgun-api";
			targetProxy = 5CB00F3413FB291E003C51AA /* PBXContainerItemProxy */;
		};
		5CB00F3713FB291E003C51AA /* PBXTargetDependency */ = {
			isa = PBXTargetDependency;
			name = "sbjson-ios";
			targetProxy = 5CB00F3613FB291E003C51AA /* PBXContainerItemProxy */;
		};
		5CB00F3913FB291E003C51AA /* PBXTargetDependency */ = {
			isa = PBXTargetDependency;
			name = "asi-http-request";
			targetProxy = 5CB00F3813FB291E003C51AA /* PBXContainerItemProxy */;
		};
/* End PBXTargetDependency section */

/* Begin PBXVariantGroup section */
		5CA19BA413A8375A001EFE89 /* InfoPlist.strings */ = {
			isa = PBXVariantGroup;
			children = (
				5CA19BA513A8375A001EFE89 /* en */,
			);
			name = InfoPlist.strings;
			sourceTree = "<group>";
		};
		5CA19BB113A8375A001EFE89 /* MainWindow_iPhone.xib */ = {
			isa = PBXVariantGroup;
			children = (
				5CA19BB213A8375A001EFE89 /* en */,
			);
			name = MainWindow_iPhone.xib;
			sourceTree = "<group>";
		};
		5CA19BB813A8375A001EFE89 /* MainWindow_iPad.xib */ = {
			isa = PBXVariantGroup;
			children = (
				5CA19BB913A8375A001EFE89 /* en */,
			);
			name = MainWindow_iPad.xib;
			sourceTree = "<group>";
		};
/* End PBXVariantGroup section */

/* Begin XCBuildConfiguration section */
		5CA19B8013A83654001EFE89 /* Debug */ = {
			isa = XCBuildConfiguration;
			buildSettings = {
				USER_HEADER_SEARCH_PATHS = "\"$(SRCROOT)/../Classes\" \"$(SRCROOT)/../Dependencies/asi-http-request/Classes\" \"$(SRCROOT)/../Dependencies/json-framework/Classes\"";
			};
			name = Debug;
		};
		5CA19B8113A83654001EFE89 /* Release */ = {
			isa = XCBuildConfiguration;
			buildSettings = {
				USER_HEADER_SEARCH_PATHS = "\"$(SRCROOT)/../Classes\" \"$(SRCROOT)/../Dependencies/asi-http-request/Classes\" \"$(SRCROOT)/../Dependencies/json-framework/Classes\"";
			};
			name = Release;
		};
		5CA19BBC13A8375A001EFE89 /* Debug */ = {
			isa = XCBuildConfiguration;
			buildSettings = {
				ALWAYS_SEARCH_USER_PATHS = NO;
				ARCHS = "$(ARCHS_STANDARD_32_BIT)";
				CLANG_ENABLE_OBJC_ARC = YES;
				"CODE_SIGN_IDENTITY[sdk=iphoneos*]" = "iPhone Developer: Robert Blau (XA5F6SKY97)";
				COPY_PHASE_STRIP = NO;
				FRAMEWORK_SEARCH_PATHS = (
					"$(inherited)",
					"\"$(SRCROOT)/../Dependencies/gh-unit/Project-IPhone/build/Framework\"",
				);
				GCC_C_LANGUAGE_STANDARD = gnu99;
				GCC_DYNAMIC_NO_PIC = NO;
				GCC_OPTIMIZATION_LEVEL = 0;
				GCC_PRECOMPILE_PREFIX_HEADER = YES;
				GCC_PREFIX_HEADER = "SG API UnitTests/SG API UnitTests-Prefix.pch";
				GCC_PREPROCESSOR_DEFINITIONS = DEBUG;
				GCC_SYMBOLS_PRIVATE_EXTERN = NO;
				GCC_VERSION = com.apple.compilers.llvm.clang.1_0;
				GCC_WARN_ABOUT_RETURN_TYPE = YES;
				GCC_WARN_UNUSED_VARIABLE = YES;
				INFOPLIST_FILE = "SG API UnitTests/SG API UnitTests-Info.plist";
				IPHONEOS_DEPLOYMENT_TARGET = 4.3;
				OTHER_LDFLAGS = (
					"-ObjC",
					"-all_load",
				);
				PRODUCT_NAME = "$(TARGET_NAME)";
				"PROVISIONING_PROFILE[sdk=iphoneos*]" = "D3059A3F-CF7D-435F-9A09-4816347697A3";
				SDKROOT = iphoneos;
				TARGETED_DEVICE_FAMILY = "1,2";
				WRAPPER_EXTENSION = app;
			};
			name = Debug;
		};
		5CA19BBD13A8375A001EFE89 /* Release */ = {
			isa = XCBuildConfiguration;
			buildSettings = {
				ALWAYS_SEARCH_USER_PATHS = NO;
				ARCHS = "$(ARCHS_STANDARD_32_BIT)";
				CLANG_ENABLE_OBJC_ARC = YES;
				"CODE_SIGN_IDENTITY[sdk=iphoneos*]" = "iPhone Developer: Robert Blau (XA5F6SKY97)";
				COPY_PHASE_STRIP = YES;
				FRAMEWORK_SEARCH_PATHS = (
					"$(inherited)",
					"\"$(SRCROOT)/../Dependencies/gh-unit/Project-IPhone/build/Framework\"",
				);
				GCC_C_LANGUAGE_STANDARD = gnu99;
				GCC_PRECOMPILE_PREFIX_HEADER = YES;
				GCC_PREFIX_HEADER = "SG API UnitTests/SG API UnitTests-Prefix.pch";
				GCC_VERSION = com.apple.compilers.llvm.clang.1_0;
				GCC_WARN_ABOUT_RETURN_TYPE = YES;
				GCC_WARN_UNUSED_VARIABLE = YES;
				INFOPLIST_FILE = "SG API UnitTests/SG API UnitTests-Info.plist";
				IPHONEOS_DEPLOYMENT_TARGET = 4.3;
				OTHER_CFLAGS = "-DNS_BLOCK_ASSERTIONS=1";
				OTHER_LDFLAGS = (
					"-ObjC",
					"-all_load",
				);
				PRODUCT_NAME = "$(TARGET_NAME)";
				"PROVISIONING_PROFILE[sdk=iphoneos*]" = "D3059A3F-CF7D-435F-9A09-4816347697A3";
				SDKROOT = iphoneos;
				TARGETED_DEVICE_FAMILY = "1,2";
				VALIDATE_PRODUCT = YES;
				WRAPPER_EXTENSION = app;
			};
			name = Release;
		};
/* End XCBuildConfiguration section */

/* Begin XCConfigurationList section */
		5CA19B7E13A83654001EFE89 /* Build configuration list for PBXProject "UnitTests" */ = {
			isa = XCConfigurationList;
			buildConfigurations = (
				5CA19B8013A83654001EFE89 /* Debug */,
				5CA19B8113A83654001EFE89 /* Release */,
			);
			defaultConfigurationIsVisible = 0;
			defaultConfigurationName = Release;
		};
		5CA19BBB13A8375A001EFE89 /* Build configuration list for PBXNativeTarget "SG API UnitTests" */ = {
			isa = XCConfigurationList;
			buildConfigurations = (
				5CA19BBC13A8375A001EFE89 /* Debug */,
				5CA19BBD13A8375A001EFE89 /* Release */,
			);
			defaultConfigurationIsVisible = 0;
			defaultConfigurationName = Release;
		};
/* End XCConfigurationList section */
	};
	rootObject = 5CA19B7B13A83654001EFE89 /* Project object */;
}
